// !$*UTF8*$!
{
	archiveVersion = 1;
	classes = {
	};
	objectVersion = 50;
	objects = {

/* Begin PBXBuildFile section */
		EF1AE4C620EC5B36006E2413 /* AppDelegate.swift in Sources */ = {isa = PBXBuildFile; fileRef = EF1AE4C520EC5B36006E2413 /* AppDelegate.swift */; };
		EF1AE4C820EC5B36006E2413 /* ViewController.swift in Sources */ = {isa = PBXBuildFile; fileRef = EF1AE4C720EC5B36006E2413 /* ViewController.swift */; };
		EF1AE4CB20EC5B36006E2413 /* Main.storyboard in Resources */ = {isa = PBXBuildFile; fileRef = EF1AE4C920EC5B36006E2413 /* Main.storyboard */; };
		EF1AE4CD20EC5B38006E2413 /* Assets.xcassets in Resources */ = {isa = PBXBuildFile; fileRef = EF1AE4CC20EC5B38006E2413 /* Assets.xcassets */; };
		EF1AE4D020EC5B38006E2413 /* LaunchScreen.storyboard in Resources */ = {isa = PBXBuildFile; fileRef = EF1AE4CE20EC5B38006E2413 /* LaunchScreen.storyboard */; };
		EF1AE4DB20EC5B38006E2413 /* SecondKadaiAppTests.swift in Sources */ = {isa = PBXBuildFile; fileRef = EF1AE4DA20EC5B38006E2413 /* SecondKadaiAppTests.swift */; };
		EF1AE4E620EC5B38006E2413 /* SecondKadaiAppUITests.swift in Sources */ = {isa = PBXBuildFile; fileRef = EF1AE4E520EC5B38006E2413 /* SecondKadaiAppUITests.swift */; };
		EF1AE4F420EC5E06006E2413 /* ResultViewController.swift in Sources */ = {isa = PBXBuildFile; fileRef = EF1AE4F320EC5E06006E2413 /* ResultViewController.swift */; };
/* End PBXBuildFile section */

/* Begin PBXContainerItemProxy section */
		EF1AE4D720EC5B38006E2413 /* PBXContainerItemProxy */ = {
			isa = PBXContainerItemProxy;
			containerPortal = EF1AE4BA20EC5B36006E2413 /* Project object */;
			proxyType = 1;
			remoteGlobalIDString = EF1AE4C120EC5B36006E2413;
			remoteInfo = SecondKadaiApp;
		};
		EF1AE4E220EC5B38006E2413 /* PBXContainerItemProxy */ = {
			isa = PBXContainerItemProxy;
			containerPortal = EF1AE4BA20EC5B36006E2413 /* Project object */;
			proxyType = 1;
			remoteGlobalIDString = EF1AE4C120EC5B36006E2413;
			remoteInfo = SecondKadaiApp;
		};
/* End PBXContainerItemProxy section */

/* Begin PBXFileReference section */
		EF1AE4C220EC5B36006E2413 /* SecondKadaiApp.app */ = {isa = PBXFileReference; explicitFileType = wrapper.application; includeInIndex = 0; path = SecondKadaiApp.app; sourceTree = BUILT_PRODUCTS_DIR; };
		EF1AE4C520EC5B36006E2413 /* AppDelegate.swift */ = {isa = PBXFileReference; lastKnownFileType = sourcecode.swift; path = AppDelegate.swift; sourceTree = "<group>"; };
		EF1AE4C720EC5B36006E2413 /* ViewController.swift */ = {isa = PBXFileReference; lastKnownFileType = sourcecode.swift; path = ViewController.swift; sourceTree = "<group>"; };
		EF1AE4CA20EC5B36006E2413 /* Base */ = {isa = PBXFileReference; lastKnownFileType = file.storyboard; name = Base; path = Base.lproj/Main.storyboard; sourceTree = "<group>"; };
		EF1AE4CC20EC5B38006E2413 /* Assets.xcassets */ = {isa = PBXFileReference; lastKnownFileType = folder.assetcatalog; path = Assets.xcassets; sourceTree = "<group>"; };
		EF1AE4CF20EC5B38006E2413 /* Base */ = {isa = PBXFileReference; lastKnownFileType = file.storyboard; name = Base; path = Base.lproj/LaunchScreen.storyboard; sourceTree = "<group>"; };
		EF1AE4D120EC5B38006E2413 /* Info.plist */ = {isa = PBXFileReference; lastKnownFileType = text.plist.xml; path = Info.plist; sourceTree = "<group>"; };
		EF1AE4D620EC5B38006E2413 /* SecondKadaiAppTests.xctest */ = {isa = PBXFileReference; explicitFileType = wrapper.cfbundle; includeInIndex = 0; path = SecondKadaiAppTests.xctest; sourceTree = BUILT_PRODUCTS_DIR; };
		EF1AE4DA20EC5B38006E2413 /* SecondKadaiAppTests.swift */ = {isa = PBXFileReference; lastKnownFileType = sourcecode.swift; path = SecondKadaiAppTests.swift; sourceTree = "<group>"; };
		EF1AE4DC20EC5B38006E2413 /* Info.plist */ = {isa = PBXFileReference; lastKnownFileType = text.plist.xml; path = Info.plist; sourceTree = "<group>"; };
		EF1AE4E120EC5B38006E2413 /* SecondKadaiAppUITests.xctest */ = {isa = PBXFileReference; explicitFileType = wrapper.cfbundle; includeInIndex = 0; path = SecondKadaiAppUITests.xctest; sourceTree = BUILT_PRODUCTS_DIR; };
		EF1AE4E520EC5B38006E2413 /* SecondKadaiAppUITests.swift */ = {isa = PBXFileReference; lastKnownFileType = sourcecode.swift; path = SecondKadaiAppUITests.swift; sourceTree = "<group>"; };
		EF1AE4E720EC5B38006E2413 /* Info.plist */ = {isa = PBXFileReference; lastKnownFileType = text.plist.xml; path = Info.plist; sourceTree = "<group>"; };
		EF1AE4F320EC5E06006E2413 /* ResultViewController.swift */ = {isa = PBXFileReference; lastKnownFileType = sourcecode.swift; path = ResultViewController.swift; sourceTree = "<group>"; };
/* End PBXFileReference section */

/* Begin PBXFrameworksBuildPhase section */
		EF1AE4BF20EC5B36006E2413 /* Frameworks */ = {
			isa = PBXFrameworksBuildPhase;
			buildActionMask = 2147483647;
			files = (
			);
			runOnlyForDeploymentPostprocessing = 0;
		};
		EF1AE4D320EC5B38006E2413 /* Frameworks */ = {
			isa = PBXFrameworksBuildPhase;
			buildActionMask = 2147483647;
			files = (
			);
			runOnlyForDeploymentPostprocessing = 0;
		};
		EF1AE4DE20EC5B38006E2413 /* Frameworks */ = {
			isa = PBXFrameworksBuildPhase;
			buildActionMask = 2147483647;
			files = (
			);
			runOnlyForDeploymentPostprocessing = 0;
		};
/* End PBXFrameworksBuildPhase section */

/* Begin PBXGroup section */
		EF1AE4B920EC5B36006E2413 = {
			isa = PBXGroup;
			children = (
				EF1AE4C420EC5B36006E2413 /* SecondKadaiApp */,
				EF1AE4D920EC5B38006E2413 /* SecondKadaiAppTests */,
				EF1AE4E420EC5B38006E2413 /* SecondKadaiAppUITests */,
				EF1AE4C320EC5B36006E2413 /* Products */,
			);
			sourceTree = "<group>";
		};
		EF1AE4C320EC5B36006E2413 /* Products */ = {
			isa = PBXGroup;
			children = (
				EF1AE4C220EC5B36006E2413 /* SecondKadaiApp.app */,
				EF1AE4D620EC5B38006E2413 /* SecondKadaiAppTests.xctest */,
				EF1AE4E120EC5B38006E2413 /* SecondKadaiAppUITests.xctest */,
			);
			name = Products;
			sourceTree = "<group>";
		};
		EF1AE4C420EC5B36006E2413 /* SecondKadaiApp */ = {
			isa = PBXGroup;
			children = (
				EF1AE4C520EC5B36006E2413 /* AppDelegate.swift */,
				EF1AE4C720EC5B36006E2413 /* ViewController.swift */,
				EF1AE4C920EC5B36006E2413 /* Main.storyboard */,
				EF1AE4CC20EC5B38006E2413 /* Assets.xcassets */,
				EF1AE4CE20EC5B38006E2413 /* LaunchScreen.storyboard */,
				EF1AE4D120EC5B38006E2413 /* Info.plist */,
				EF1AE4F320EC5E06006E2413 /* ResultViewController.swift */,
			);
			path = SecondKadaiApp;
			sourceTree = "<group>";
		};
		EF1AE4D920EC5B38006E2413 /* SecondKadaiAppTests */ = {
			isa = PBXGroup;
			children = (
				EF1AE4DA20EC5B38006E2413 /* SecondKadaiAppTests.swift */,
				EF1AE4DC20EC5B38006E2413 /* Info.plist */,
			);
			path = SecondKadaiAppTests;
			sourceTree = "<group>";
		};
		EF1AE4E420EC5B38006E2413 /* SecondKadaiAppUITests */ = {
			isa = PBXGroup;
			children = (
				EF1AE4E520EC5B38006E2413 /* SecondKadaiAppUITests.swift */,
				EF1AE4E720EC5B38006E2413 /* Info.plist */,
			);
			path = SecondKadaiAppUITests;
			sourceTree = "<group>";
		};
/* End PBXGroup section */

/* Begin PBXNativeTarget section */
		EF1AE4C120EC5B36006E2413 /* SecondKadaiApp */ = {
			isa = PBXNativeTarget;
			buildConfigurationList = EF1AE4EA20EC5B38006E2413 /* Build configuration list for PBXNativeTarget "SecondKadaiApp" */;
			buildPhases = (
				EF1AE4BE20EC5B36006E2413 /* Sources */,
				EF1AE4BF20EC5B36006E2413 /* Frameworks */,
				EF1AE4C020EC5B36006E2413 /* Resources */,
			);
			buildRules = (
			);
			dependencies = (
			);
			name = SecondKadaiApp;
			productName = SecondKadaiApp;
			productReference = EF1AE4C220EC5B36006E2413 /* SecondKadaiApp.app */;
			productType = "com.apple.product-type.application";
		};
		EF1AE4D520EC5B38006E2413 /* SecondKadaiAppTests */ = {
			isa = PBXNativeTarget;
			buildConfigurationList = EF1AE4ED20EC5B38006E2413 /* Build configuration list for PBXNativeTarget "SecondKadaiAppTests" */;
			buildPhases = (
				EF1AE4D220EC5B38006E2413 /* Sources */,
				EF1AE4D320EC5B38006E2413 /* Frameworks */,
				EF1AE4D420EC5B38006E2413 /* Resources */,
			);
			buildRules = (
			);
			dependencies = (
				EF1AE4D820EC5B38006E2413 /* PBXTargetDependency */,
			);
			name = SecondKadaiAppTests;
			productName = SecondKadaiAppTests;
			productReference = EF1AE4D620EC5B38006E2413 /* SecondKadaiAppTests.xctest */;
			productType = "com.apple.product-type.bundle.unit-test";
		};
		EF1AE4E020EC5B38006E2413 /* SecondKadaiAppUITests */ = {
			isa = PBXNativeTarget;
			buildConfigurationList = EF1AE4F020EC5B38006E2413 /* Build configuration list for PBXNativeTarget "SecondKadaiAppUITests" */;
			buildPhases = (
				EF1AE4DD20EC5B38006E2413 /* Sources */,
				EF1AE4DE20EC5B38006E2413 /* Frameworks */,
				EF1AE4DF20EC5B38006E2413 /* Resources */,
			);
			buildRules = (
			);
			dependencies = (
				EF1AE4E320EC5B38006E2413 /* PBXTargetDependency */,
			);
			name = SecondKadaiAppUITests;
			productName = SecondKadaiAppUITests;
			productReference = EF1AE4E120EC5B38006E2413 /* SecondKadaiAppUITests.xctest */;
			productType = "com.apple.product-type.bundle.ui-testing";
		};
/* End PBXNativeTarget section */

/* Begin PBXProject section */
		EF1AE4BA20EC5B36006E2413 /* Project object */ = {
			isa = PBXProject;
			attributes = {
				LastSwiftUpdateCheck = 0930;
				LastUpgradeCheck = 0930;
				ORGANIZATIONNAME = "tatsuo sugimoto";
				TargetAttributes = {
					EF1AE4C120EC5B36006E2413 = {
						CreatedOnToolsVersion = 9.3.1;
					};
					EF1AE4D520EC5B38006E2413 = {
						CreatedOnToolsVersion = 9.3.1;
						TestTargetID = EF1AE4C120EC5B36006E2413;
					};
					EF1AE4E020EC5B38006E2413 = {
						CreatedOnToolsVersion = 9.3.1;
						TestTargetID = EF1AE4C120EC5B36006E2413;
					};
				};
			};
			buildConfigurationList = EF1AE4BD20EC5B36006E2413 /* Build configuration list for PBXProject "SecondKadaiApp" */;
			compatibilityVersion = "Xcode 9.3";
			developmentRegion = en;
			hasScannedForEncodings = 0;
			knownRegions = (
				en,
				Base,
			);
			mainGroup = EF1AE4B920EC5B36006E2413;
			productRefGroup = EF1AE4C320EC5B36006E2413 /* Products */;
			projectDirPath = "";
			projectRoot = "";
			targets = (
				EF1AE4C120EC5B36006E2413 /* SecondKadaiApp */,
				EF1AE4D520EC5B38006E2413 /* SecondKadaiAppTests */,
				EF1AE4E020EC5B38006E2413 /* SecondKadaiAppUITests */,
			);
		};
/* End PBXProject section */

/* Begin PBXResourcesBuildPhase section */
		EF1AE4C020EC5B36006E2413 /* Resources */ = {
			isa = PBXResourcesBuildPhase;
			buildActionMask = 2147483647;
			files = (
				EF1AE4D020EC5B38006E2413 /* LaunchScreen.storyboard in Resources */,
				EF1AE4CD20EC5B38006E2413 /* Assets.xcassets in Resources */,
				EF1AE4CB20EC5B36006E2413 /* Main.storyboard in Resources */,
			);
			runOnlyForDeploymentPostprocessing = 0;
		};
		EF1AE4D420EC5B38006E2413 /* Resources */ = {
			isa = PBXResourcesBuildPhase;
			buildActionMask = 2147483647;
			files = (
			);
			runOnlyForDeploymentPostprocessing = 0;
		};
		EF1AE4DF20EC5B38006E2413 /* Resources */ = {
			isa = PBXResourcesBuildPhase;
			buildActionMask = 2147483647;
			files = (
			);
			runOnlyForDeploymentPostprocessing = 0;
		};
/* End PBXResourcesBuildPhase section */

/* Begin PBXSourcesBuildPhase section */
		EF1AE4BE20EC5B36006E2413 /* Sources */ = {
			isa = PBXSourcesBuildPhase;
			buildActionMask = 2147483647;
			files = (
				EF1AE4C820EC5B36006E2413 /* ViewController.swift in Sources */,
				EF1AE4C620EC5B36006E2413 /* AppDelegate.swift in Sources */,
				EF1AE4F420EC5E06006E2413 /* ResultViewController.swift in Sources */,
			);
			runOnlyForDeploymentPostprocessing = 0;
		};
		EF1AE4D220EC5B38006E2413 /* Sources */ = {
			isa = PBXSourcesBuildPhase;
			buildActionMask = 2147483647;
			files = (
				EF1AE4DB20EC5B38006E2413 /* SecondKadaiAppTests.swift in Sources */,
			);
			runOnlyForDeploymentPostprocessing = 0;
		};
		EF1AE4DD20EC5B38006E2413 /* Sources */ = {
			isa = PBXSourcesBuildPhase;
			buildActionMask = 2147483647;
			files = (
				EF1AE4E620EC5B38006E2413 /* SecondKadaiAppUITests.swift in Sources */,
			);
			runOnlyForDeploymentPostprocessing = 0;
		};
/* End PBXSourcesBuildPhase section */

/* Begin PBXTargetDependency section */
		EF1AE4D820EC5B38006E2413 /* PBXTargetDependency */ = {
			isa = PBXTargetDependency;
			target = EF1AE4C120EC5B36006E2413 /* SecondKadaiApp */;
			targetProxy = EF1AE4D720EC5B38006E2413 /* PBXContainerItemProxy */;
		};
		EF1AE4E320EC5B38006E2413 /* PBXTargetDependency */ = {
			isa = PBXTargetDependency;
			target = EF1AE4C120EC5B36006E2413 /* SecondKadaiApp */;
			targetProxy = EF1AE4E220EC5B38006E2413 /* PBXContainerItemProxy */;
		};
/* End PBXTargetDependency section */

/* Begin PBXVariantGroup section */
		EF1AE4C920EC5B36006E2413 /* Main.storyboard */ = {
			isa = PBXVariantGroup;
			children = (
				EF1AE4CA20EC5B36006E2413 /* Base */,
			);
			name = Main.storyboard;
			sourceTree = "<group>";
		};
		EF1AE4CE20EC5B38006E2413 /* LaunchScreen.storyboard */ = {
			isa = PBXVariantGroup;
			children = (
				EF1AE4CF20EC5B38006E2413 /* Base */,
			);
			name = LaunchScreen.storyboard;
			sourceTree = "<group>";
		};
/* End PBXVariantGroup section */

/* Begin XCBuildConfiguration section */
		EF1AE4E820EC5B38006E2413 /* Debug */ = {
			isa = XCBuildConfiguration;
			buildSettings = {
				ALWAYS_SEARCH_USER_PATHS = NO;
				CLANG_ANALYZER_NONNULL = YES;
				CLANG_ANALYZER_NUMBER_OBJECT_CONVERSION = YES_AGGRESSIVE;
				CLANG_CXX_LANGUAGE_STANDARD = "gnu++14";
				CLANG_CXX_LIBRARY = "libc++";
				CLANG_ENABLE_MODULES = YES;
				CLANG_ENABLE_OBJC_ARC = YES;
				CLANG_ENABLE_OBJC_WEAK = YES;
				CLANG_WARN_BLOCK_CAPTURE_AUTORELEASING = YES;
				CLANG_WARN_BOOL_CONVERSION = YES;
				CLANG_WARN_COMMA = YES;
				CLANG_WARN_CONSTANT_CONVERSION = YES;
				CLANG_WARN_DEPRECATED_OBJC_IMPLEMENTATIONS = YES;
				CLANG_WARN_DIRECT_OBJC_ISA_USAGE = YES_ERROR;
				CLANG_WARN_DOCUMENTATION_COMMENTS = YES;
				CLANG_WARN_EMPTY_BODY = YES;
				CLANG_WARN_ENUM_CONVERSION = YES;
				CLANG_WARN_INFINITE_RECURSION = YES;
				CLANG_WARN_INT_CONVERSION = YES;
				CLANG_WARN_NON_LITERAL_NULL_CONVERSION = YES;
				CLANG_WARN_OBJC_IMPLICIT_RETAIN_SELF = YES;
				CLANG_WARN_OBJC_LITERAL_CONVERSION = YES;
				CLANG_WARN_OBJC_ROOT_CLASS = YES_ERROR;
				CLANG_WARN_RANGE_LOOP_ANALYSIS = YES;
				CLANG_WARN_STRICT_PROTOTYPES = YES;
				CLANG_WARN_SUSPICIOUS_MOVE = YES;
				CLANG_WARN_UNGUARDED_AVAILABILITY = YES_AGGRESSIVE;
				CLANG_WARN_UNREACHABLE_CODE = YES;
				CLANG_WARN__DUPLICATE_METHOD_MATCH = YES;
				CODE_SIGN_IDENTITY = "iPhone Developer";
				COPY_PHASE_STRIP = NO;
				DEBUG_INFORMATION_FORMAT = dwarf;
				ENABLE_STRICT_OBJC_MSGSEND = YES;
				ENABLE_TESTABILITY = YES;
				GCC_C_LANGUAGE_STANDARD = gnu11;
				GCC_DYNAMIC_NO_PIC = NO;
				GCC_NO_COMMON_BLOCKS = YES;
				GCC_OPTIMIZATION_LEVEL = 0;
				GCC_PREPROCESSOR_DEFINITIONS = (
					"DEBUG=1",
					"$(inherited)",
				);
				GCC_WARN_64_TO_32_BIT_CONVERSION = YES;
				GCC_WARN_ABOUT_RETURN_TYPE = YES_ERROR;
				GCC_WARN_UNDECLARED_SELECTOR = YES;
				GCC_WARN_UNINITIALIZED_AUTOS = YES_AGGRESSIVE;
				GCC_WARN_UNUSED_FUNCTION = YES;
				GCC_WARN_UNUSED_VARIABLE = YES;
				IPHONEOS_DEPLOYMENT_TARGET = 11.3;
				MTL_ENABLE_DEBUG_INFO = YES;
				ONLY_ACTIVE_ARCH = YES;
				SDKROOT = iphoneos;
				SWIFT_ACTIVE_COMPILATION_CONDITIONS = DEBUG;
				SWIFT_OPTIMIZATION_LEVEL = "-Onone";
			};
			name = Debug;
		};
		EF1AE4E920EC5B38006E2413 /* Release */ = {
			isa = XCBuildConfiguration;
			buildSettings = {
				ALWAYS_SEARCH_USER_PATHS = NO;
				CLANG_ANALYZER_NONNULL = YES;
				CLANG_ANALYZER_NUMBER_OBJECT_CONVERSION = YES_AGGRESSIVE;
				CLANG_CXX_LANGUAGE_STANDARD = "gnu++14";
				CLANG_CXX_LIBRARY = "libc++";
				CLANG_ENABLE_MODULES = YES;
				CLANG_ENABLE_OBJC_ARC = YES;
				CLANG_ENABLE_OBJC_WEAK = YES;
				CLANG_WARN_BLOCK_CAPTURE_AUTORELEASING = YES;
				CLANG_WARN_BOOL_CONVERSION = YES;
				CLANG_WARN_COMMA = YES;
				CLANG_WARN_CONSTANT_CONVERSION = YES;
				CLANG_WARN_DEPRECATED_OBJC_IMPLEMENTATIONS = YES;
				CLANG_WARN_DIRECT_OBJC_ISA_USAGE = YES_ERROR;
				CLANG_WARN_DOCUMENTATION_COMMENTS = YES;
				CLANG_WARN_EMPTY_BODY = YES;
				CLANG_WARN_ENUM_CONVERSION = YES;
				CLANG_WARN_INFINITE_RECURSION = YES;
				CLANG_WARN_INT_CONVERSION = YES;
				CLANG_WARN_NON_LITERAL_NULL_CONVERSION = YES;
				CLANG_WARN_OBJC_IMPLICIT_RETAIN_SELF = YES;
				CLANG_WARN_OBJC_LITERAL_CONVERSION = YES;
				CLANG_WARN_OBJC_ROOT_CLASS = YES_ERROR;
				CLANG_WARN_RANGE_LOOP_ANALYSIS = YES;
				CLANG_WARN_STRICT_PROTOTYPES = YES;
				CLANG_WARN_SUSPICIOUS_MOVE = YES;
				CLANG_WARN_UNGUARDED_AVAILABILITY = YES_AGGRESSIVE;
				CLANG_WARN_UNREACHABLE_CODE = YES;
				CLANG_WARN__DUPLICATE_METHOD_MATCH = YES;
				CODE_SIGN_IDENTITY = "iPhone Developer";
				COPY_PHASE_STRIP = NO;
				DEBUG_INFORMATION_FORMAT = "dwarf-with-dsym";
				ENABLE_NS_ASSERTIONS = NO;
				ENABLE_STRICT_OBJC_MSGSEND = YES;
				GCC_C_LANGUAGE_STANDARD = gnu11;
				GCC_NO_COMMON_BLOCKS = YES;
				GCC_WARN_64_TO_32_BIT_CONVERSION = YES;
				GCC_WARN_ABOUT_RETURN_TYPE = YES_ERROR;
				GCC_WARN_UNDECLARED_SELECTOR = YES;
				GCC_WARN_UNINITIALIZED_AUTOS = YES_AGGRESSIVE;
				GCC_WARN_UNUSED_FUNCTION = YES;
				GCC_WARN_UNUSED_VARIABLE = YES;
				IPHONEOS_DEPLOYMENT_TARGET = 11.3;
				MTL_ENABLE_DEBUG_INFO = NO;
				SDKROOT = iphoneos;
				SWIFT_COMPILATION_MODE = wholemodule;
				SWIFT_OPTIMIZATION_LEVEL = "-O";
				VALIDATE_PRODUCT = YES;
			};
			name = Release;
		};
		EF1AE4EB20EC5B38006E2413 /* Debug */ = {
			isa = XCBuildConfiguration;
			buildSettings = {
				ASSETCATALOG_COMPILER_APPICON_NAME = AppIcon;
				CODE_SIGN_STYLE = Automatic;
				DEVELOPMENT_TEAM = C2DJ792M98;
				INFOPLIST_FILE = SecondKadaiApp/Info.plist;
				LD_RUNPATH_SEARCH_PATHS = (
					"$(inherited)",
					"@executable_path/Frameworks",
				);
				PRODUCT_BUNDLE_IDENTIFIER = jp.techacademy.tatsuo.sugimoto.SecondKadaiApp;
				PRODUCT_NAME = "$(TARGET_NAME)";
				SWIFT_VERSION = 4.0;
				TARGETED_DEVICE_FAMILY = "1,2";
			};
			name = Debug;
		};
		EF1AE4EC20EC5B38006E2413 /* Release */ = {
			isa = XCBuildConfiguration;
			buildSettings = {
				ASSETCATALOG_COMPILER_APPICON_NAME = AppIcon;
				CODE_SIGN_STYLE = Automatic;
				DEVELOPMENT_TEAM = C2DJ792M98;
				INFOPLIST_FILE = SecondKadaiApp/Info.plist;
				LD_RUNPATH_SEARCH_PATHS = (
					"$(inherited)",
					"@executable_path/Frameworks",
				);
				PRODUCT_BUNDLE_IDENTIFIER = jp.techacademy.tatsuo.sugimoto.SecondKadaiApp;
				PRODUCT_NAME = "$(TARGET_NAME)";
				SWIFT_VERSION = 4.0;
				TARGETED_DEVICE_FAMILY = "1,2";
			};
			name = Release;
		};
		EF1AE4EE20EC5B38006E2413 /* Debug */ = {
			isa = XCBuildConfiguration;
			buildSettings = {
				ALWAYS_EMBED_SWIFT_STANDARD_LIBRARIES = YES;
				BUNDLE_LOADER = "$(TEST_HOST)";
				CODE_SIGN_STYLE = Automatic;
				INFOPLIST_FILE = SecondKadaiAppTests/Info.plist;
				LD_RUNPATH_SEARCH_PATHS = (
					"$(inherited)",
					"@executable_path/Frameworks",
					"@loader_path/Frameworks",
				);
				PRODUCT_BUNDLE_IDENTIFIER = jp.techacademy.tatsuo.sugimoto.SecondKadaiAppTests;
				PRODUCT_NAME = "$(TARGET_NAME)";
				SWIFT_VERSION = 4.0;
				TARGETED_DEVICE_FAMILY = "1,2";
				TEST_HOST = "$(BUILT_PRODUCTS_DIR)/SecondKadaiApp.app/SecondKadaiApp";
			};
			name = Debug;
		};
		EF1AE4EF20EC5B38006E2413 /* Release */ = {
			isa = XCBuildConfiguration;
			buildSettings = {
				ALWAYS_EMBED_SWIFT_STANDARD_LIBRARIES = YES;
				BUNDLE_LOADER = "$(TEST_HOST)";
				CODE_SIGN_STYLE = Automatic;
				INFOPLIST_FILE = SecondKadaiAppTests/Info.plist;
				LD_RUNPATH_SEARCH_PATHS = (
					"$(inherited)",
					"@executable_path/Frameworks",
					"@loader_path/Frameworks",
				);
				PRODUCT_BUNDLE_IDENTIFIER = jp.techacademy.tatsuo.sugimoto.SecondKadaiAppTests;
				PRODUCT_NAME = "$(TARGET_NAME)";
				SWIFT_VERSION = 4.0;
				TARGETED_DEVICE_FAMILY = "1,2";
				TEST_HOST = "$(BUILT_PRODUCTS_DIR)/SecondKadaiApp.app/SecondKadaiApp";
			};
			name = Release;
		};
		EF1AE4F120EC5B38006E2413 /* Debug */ = {
			isa = XCBuildConfiguration;
			buildSettings = {
				ALWAYS_EMBED_SWIFT_STANDARD_LIBRARIES = YES;
				CODE_SIGN_STYLE = Automatic;
				INFOPLIST_FILE = SecondKadaiAppUITests/Info.plist;
				LD_RUNPATH_SEARCH_PATHS = (
					"$(inherited)",
					"@executable_path/Frameworks",
					"@loader_path/Frameworks",
				);
				PRODUCT_BUNDLE_IDENTIFIER = jp.techacademy.tatsuo.sugimoto.SecondKadaiAppUITests;
				PRODUCT_NAME = "$(TARGET_NAME)";
				SWIFT_VERSION = 4.0;
				TARGETED_DEVICE_FAMILY = "1,2";
				TEST_TARGET_NAME = SecondKadaiApp;
			};
			name = Debug;
		};
		EF1AE4F220EC5B38006E2413 /* Release */ = {
			isa = XCBuildConfiguration;
			buildSettings = {
				ALWAYS_EMBED_SWIFT_STANDARD_LIBRARIES = YES;
				CODE_SIGN_STYLE = Automatic;
				INFOPLIST_FILE = SecondKadaiAppUITests/Info.plist;
				LD_RUNPATH_SEARCH_PATHS = (
					"$(inherited)",
					"@executable_path/Frameworks",
					"@loader_path/Frameworks",
				);
				PRODUCT_BUNDLE_IDENTIFIER = jp.techacademy.tatsuo.sugimoto.SecondKadaiAppUITests;
				PRODUCT_NAME = "$(TARGET_NAME)";
				SWIFT_VERSION = 4.0;
				TARGETED_DEVICE_FAMILY = "1,2";
				TEST_TARGET_NAME = SecondKadaiApp;
			};
			name = Release;
		};
/* End XCBuildConfiguration section */

/* Begin XCConfigurationList section */
		EF1AE4BD20EC5B36006E2413 /* Build configuration list for PBXProject "SecondKadaiApp" */ = {
			isa = XCConfigurationList;
			buildConfigurations = (
				EF1AE4E820EC5B38006E2413 /* Debug */,
				EF1AE4E920EC5B38006E2413 /* Release */,
			);
			defaultConfigurationIsVisible = 0;
			defaultConfigurationName = Release;
		};
		EF1AE4EA20EC5B38006E2413 /* Build configuration list for PBXNativeTarget "SecondKadaiApp" */ = {
			isa = XCConfigurationList;
			buildConfigurations = (
				EF1AE4EB20EC5B38006E2413 /* Debug */,
				EF1AE4EC20EC5B38006E2413 /* Release */,
			);
			defaultConfigurationIsVisible = 0;
			defaultConfigurationName = Release;
		};
		EF1AE4ED20EC5B38006E2413 /* Build configuration list for PBXNativeTarget "SecondKadaiAppTests" */ = {
			isa = XCConfigurationList;
			buildConfigurations = (
				EF1AE4EE20EC5B38006E2413 /* Debug */,
				EF1AE4EF20EC5B38006E2413 /* Release */,
			);
			defaultConfigurationIsVisible = 0;
			defaultConfigurationName = Release;
		};
		EF1AE4F020EC5B38006E2413 /* Build configuration list for PBXNativeTarget "SecondKadaiAppUITests" */ = {
			isa = XCConfigurationList;
			buildConfigurations = (
				EF1AE4F120EC5B38006E2413 /* Debug */,
				EF1AE4F220EC5B38006E2413 /* Release */,
			);
			defaultConfigurationIsVisible = 0;
			defaultConfigurationName = Release;
		};
/* End XCConfigurationList section */
	};
	rootObject = EF1AE4BA20EC5B36006E2413 /* Project object */;
}
